
Microsoft Visual Studio Solution File, Format Version 12.00
# Visual Studio Version 17
VisualStudioVersion = 17.5.33530.505
MinimumVisualStudioVersion = 10.0.40219.1
Project("{8BC9CEB8-8B4A-11D0-8D11-00A0C91BC942}") = "MT3_0-4", "MT3_0-4.vcxproj", "{24D301D3-080D-4E9A-9AC1-14BD3B6B6526}"
EndProject
Global
	GlobalSection(SolutionConfigurationPlatforms) = preSolution
		Debug|x64 = Debug|x64
		Release|x64 = Release|x64
	EndGlobalSection
	GlobalSection(ProjectConfigurationPlatforms) = postSolution
		{24D301D3-080D-4E9A-9AC1-14BD3B6B6526}.Debug|x64.ActiveCfg = Debug|x64
		{24D301D3-080D-4E9A-9AC1-14BD3B6B6526}.Debug|x64.Build.0 = Debug|x64
		{24D301D3-080D-4E9A-9AC1-14BD3B6B6526}.Release|x64.ActiveCfg = Release|x64
		{24D301D3-080D-4E9A-9AC1-14BD3B6B6526}.Release|x64.Build.0 = Release|x64
	EndGlobalSection
	GlobalSection(SolutionProperties) = preSolution
		HideSolutionNode = FALSE
	EndGlobalSection
	GlobalSection(ExtensibilityGlobals) = postSolution
		SolutionGuid = {A800764B-E815-440A-A9B5-6E4DA12C5D67}
	EndGlobalSection
EndGlobal
